
Microsoft Visual Studio Solution File, Format Version 12.00
# Visual Studio 15
VisualStudioVersion = 15.0.28307.779
MinimumVisualStudioVersion = 10.0.40219.1
Project("{FAE04EC0-301F-11D3-BF4B-00C04F79EFBC}") = "PersonelApp.Domains", "PersonelApp.Domains\PersonelApp.Domains.csproj", "{907A6E18-1F63-4589-BE59-A3AFA4FD94A0}"
EndProject
Project("{FAE04EC0-301F-11D3-BF4B-00C04F79EFBC}") = "PersonelApp.DAL", "PersonelApp.DAL\PersonelApp.DAL.csproj", "{E4984B5C-F703-4924-AF75-00006D73A7D1}"
EndProject
Project("{FAE04EC0-301F-11D3-BF4B-00C04F79EFBC}") = "Console.UI", "Console.UI\Console.UI.csproj", "{21FC66CA-4416-484D-824E-73DF345C93AF}"
EndProject
Global
	GlobalSection(SolutionConfigurationPlatforms) = preSolution
		Debug|Any CPU = Debug|Any CPU
		Release|Any CPU = Release|Any CPU
	EndGlobalSection
	GlobalSection(ProjectConfigurationPlatforms) = postSolution
		{907A6E18-1F63-4589-BE59-A3AFA4FD94A0}.Debug|Any CPU.ActiveCfg = Debug|Any CPU
		{907A6E18-1F63-4589-BE59-A3AFA4FD94A0}.Debug|Any CPU.Build.0 = Debug|Any CPU
		{907A6E18-1F63-4589-BE59-A3AFA4FD94A0}.Release|Any CPU.ActiveCfg = Release|Any CPU
		{907A6E18-1F63-4589-BE59-A3AFA4FD94A0}.Release|Any CPU.Build.0 = Release|Any CPU
		{E4984B5C-F703-4924-AF75-00006D73A7D1}.Debug|Any CPU.ActiveCfg = Debug|Any CPU
		{E4984B5C-F703-4924-AF75-00006D73A7D1}.Debug|Any CPU.Build.0 = Debug|Any CPU
		{E4984B5C-F703-4924-AF75-00006D73A7D1}.Release|Any CPU.ActiveCfg = Release|Any CPU
		{E4984B5C-F703-4924-AF75-00006D73A7D1}.Release|Any CPU.Build.0 = Release|Any CPU
		{21FC66CA-4416-484D-824E-73DF345C93AF}.Debug|Any CPU.ActiveCfg = Debug|Any CPU
		{21FC66CA-4416-484D-824E-73DF345C93AF}.Debug|Any CPU.Build.0 = Debug|Any CPU
		{21FC66CA-4416-484D-824E-73DF345C93AF}.Release|Any CPU.ActiveCfg = Release|Any CPU
		{21FC66CA-4416-484D-824E-73DF345C93AF}.Release|Any CPU.Build.0 = Release|Any CPU
	EndGlobalSection
	GlobalSection(SolutionProperties) = preSolution
		HideSolutionNode = FALSE
	EndGlobalSection
	GlobalSection(ExtensibilityGlobals) = postSolution
		SolutionGuid = {2C6B7860-E8A2-41FD-8F9F-803561277EE0}
	EndGlobalSection
EndGlobal
